PODS:
  - Alamofire (4.9.1)
  - LoginModule (0.1.5):
    - Alamofire (~> 4.7)
    - MBProgressHUD (~> 1.1.0)
  - MBProgressHUD (1.1.0)

DEPENDENCIES:
  - LoginModule (~> 0.1.5)

SPEC REPOS:
  https://bitbucket.cimbniaga.co.id/scm/omo/rnd-omo-ios-login-podspec.git:
    - LoginModule
  https://github.com/CocoaPods/Specs.git:
    - Alamofire
    - MBProgressHUD

SPEC CHECKSUMS:
  Alamofire: 85e8a02c69d6020a0d734f6054870d7ecb75cf18
  LoginModule: 06605bb4ee84c913cf31959eace37e84b200b2a7
  MBProgressHUD: e7baa36a220447d8aeb12769bf0585582f3866d9

PODFILE CHECKSUM: a80025e2bde3f8a1445d4ced3133bc5120f67285

COCOAPODS: 1.9.3
